
Microsoft Visual Studio Solution File, Format Version 12.00
# Visual Studio Version 17
VisualStudioVersion = 17.7.34031.279
MinimumVisualStudioVersion = 10.0.40219.1
Project("{FAE04EC0-301F-11D3-BF4B-00C04F79EFBC}") = "Lab_4", "Lab_4\Lab_4.csproj", "{C9A482DB-F7B4-4C74-89FD-F339C61FDF1A}"
EndProject
Global
	GlobalSection(SolutionConfigurationPlatforms) = preSolution
		Debug|Any CPU = Debug|Any CPU
		Release|Any CPU = Release|Any CPU
	EndGlobalSection
	GlobalSection(ProjectConfigurationPlatforms) = postSolution
		{C9A482DB-F7B4-4C74-89FD-F339C61FDF1A}.Debug|Any CPU.ActiveCfg = Debug|Any CPU
		{C9A482DB-F7B4-4C74-89FD-F339C61FDF1A}.Debug|Any CPU.Build.0 = Debug|Any CPU
		{C9A482DB-F7B4-4C74-89FD-F339C61FDF1A}.Release|Any CPU.ActiveCfg = Release|Any CPU
		{C9A482DB-F7B4-4C74-89FD-F339C61FDF1A}.Release|Any CPU.Build.0 = Release|Any CPU
	EndGlobalSection
	GlobalSection(SolutionProperties) = preSolution
		HideSolutionNode = FALSE
	EndGlobalSection
	GlobalSection(ExtensibilityGlobals) = postSolution
		SolutionGuid = {C59570D7-A1CC-4B70-A1EA-8FEA1D5350F4}
	EndGlobalSection
EndGlobal
