
Microsoft Visual Studio Solution File, Format Version 12.00
# Visual Studio Version 17
VisualStudioVersion = 17.7.34031.279
MinimumVisualStudioVersion = 10.0.40219.1
Project("{FAE04EC0-301F-11D3-BF4B-00C04F79EFBC}") = "cp1", "cp1\cp1.csproj", "{4DFC4F81-5598-43B3-A89C-CD91500FCDC3}"
EndProject
Global
	GlobalSection(SolutionConfigurationPlatforms) = preSolution
		Debug|Any CPU = Debug|Any CPU
		Release|Any CPU = Release|Any CPU
	EndGlobalSection
	GlobalSection(ProjectConfigurationPlatforms) = postSolution
		{4DFC4F81-5598-43B3-A89C-CD91500FCDC3}.Debug|Any CPU.ActiveCfg = Debug|Any CPU
		{4DFC4F81-5598-43B3-A89C-CD91500FCDC3}.Debug|Any CPU.Build.0 = Debug|Any CPU
		{4DFC4F81-5598-43B3-A89C-CD91500FCDC3}.Release|Any CPU.ActiveCfg = Release|Any CPU
		{4DFC4F81-5598-43B3-A89C-CD91500FCDC3}.Release|Any CPU.Build.0 = Release|Any CPU
	EndGlobalSection
	GlobalSection(SolutionProperties) = preSolution
		HideSolutionNode = FALSE
	EndGlobalSection
	GlobalSection(ExtensibilityGlobals) = postSolution
		SolutionGuid = {5C58246D-3F58-4C15-BF02-C8AACE65FE5F}
	EndGlobalSection
EndGlobal
