
Microsoft Visual Studio Solution File, Format Version 12.00
# Visual Studio Version 17
VisualStudioVersion = 17.7.34031.279
MinimumVisualStudioVersion = 10.0.40219.1
Project("{FAE04EC0-301F-11D3-BF4B-00C04F79EFBC}") = "task 2", "task 2\task 2.csproj", "{2B2A4096-A6EF-4C50-AC1C-ED4052AC6933}"
EndProject
Global
	GlobalSection(SolutionConfigurationPlatforms) = preSolution
		Debug|Any CPU = Debug|Any CPU
		Release|Any CPU = Release|Any CPU
	EndGlobalSection
	GlobalSection(ProjectConfigurationPlatforms) = postSolution
		{2B2A4096-A6EF-4C50-AC1C-ED4052AC6933}.Debug|Any CPU.ActiveCfg = Debug|Any CPU
		{2B2A4096-A6EF-4C50-AC1C-ED4052AC6933}.Debug|Any CPU.Build.0 = Debug|Any CPU
		{2B2A4096-A6EF-4C50-AC1C-ED4052AC6933}.Release|Any CPU.ActiveCfg = Release|Any CPU
		{2B2A4096-A6EF-4C50-AC1C-ED4052AC6933}.Release|Any CPU.Build.0 = Release|Any CPU
	EndGlobalSection
	GlobalSection(SolutionProperties) = preSolution
		HideSolutionNode = FALSE
	EndGlobalSection
	GlobalSection(ExtensibilityGlobals) = postSolution
		SolutionGuid = {20570671-FF14-454F-9A73-740348D22308}
	EndGlobalSection
EndGlobal
