
Microsoft Visual Studio Solution File, Format Version 12.00
# Visual Studio Version 17
VisualStudioVersion = 17.7.34031.279
MinimumVisualStudioVersion = 10.0.40219.1
Project("{FAE04EC0-301F-11D3-BF4B-00C04F79EFBC}") = "CompPr", "CompPr\CompPr.csproj", "{C45D05AB-CCA3-4AE2-8AA7-19E437B63A37}"
EndProject
Global
	GlobalSection(SolutionConfigurationPlatforms) = preSolution
		Debug|Any CPU = Debug|Any CPU
		Release|Any CPU = Release|Any CPU
	EndGlobalSection
	GlobalSection(ProjectConfigurationPlatforms) = postSolution
		{C45D05AB-CCA3-4AE2-8AA7-19E437B63A37}.Debug|Any CPU.ActiveCfg = Debug|Any CPU
		{C45D05AB-CCA3-4AE2-8AA7-19E437B63A37}.Debug|Any CPU.Build.0 = Debug|Any CPU
		{C45D05AB-CCA3-4AE2-8AA7-19E437B63A37}.Release|Any CPU.ActiveCfg = Release|Any CPU
		{C45D05AB-CCA3-4AE2-8AA7-19E437B63A37}.Release|Any CPU.Build.0 = Release|Any CPU
	EndGlobalSection
	GlobalSection(SolutionProperties) = preSolution
		HideSolutionNode = FALSE
	EndGlobalSection
	GlobalSection(ExtensibilityGlobals) = postSolution
		SolutionGuid = {F7D6C91D-7016-4BE2-B13B-E8D7F148D02A}
	EndGlobalSection
EndGlobal
