
Microsoft Visual Studio Solution File, Format Version 12.00
# Visual Studio Version 17
VisualStudioVersion = 17.7.34031.279
MinimumVisualStudioVersion = 10.0.40219.1
Project("{FAE04EC0-301F-11D3-BF4B-00C04F79EFBC}") = "task-3", "task-3\task-3.csproj", "{F4E92744-D680-4150-99BC-742D368E1EDB}"
EndProject
Global
	GlobalSection(SolutionConfigurationPlatforms) = preSolution
		Debug|Any CPU = Debug|Any CPU
		Release|Any CPU = Release|Any CPU
	EndGlobalSection
	GlobalSection(ProjectConfigurationPlatforms) = postSolution
		{F4E92744-D680-4150-99BC-742D368E1EDB}.Debug|Any CPU.ActiveCfg = Debug|Any CPU
		{F4E92744-D680-4150-99BC-742D368E1EDB}.Debug|Any CPU.Build.0 = Debug|Any CPU
		{F4E92744-D680-4150-99BC-742D368E1EDB}.Release|Any CPU.ActiveCfg = Release|Any CPU
		{F4E92744-D680-4150-99BC-742D368E1EDB}.Release|Any CPU.Build.0 = Release|Any CPU
	EndGlobalSection
	GlobalSection(SolutionProperties) = preSolution
		HideSolutionNode = FALSE
	EndGlobalSection
	GlobalSection(ExtensibilityGlobals) = postSolution
		SolutionGuid = {BE5E59D0-2A8B-47DB-A3D5-CFA43AF8D97A}
	EndGlobalSection
EndGlobal
